
Microsoft Visual Studio Solution File, Format Version 12.00
# Visual Studio 15
VisualStudioVersion = 15.0.28307.1267
MinimumVisualStudioVersion = 10.0.40219.1
Project("{9A19103F-16F7-4668-BE54-9A1E7A4F7556}") = "VRMaker", "VRMaker.csproj", "{C0C38DE8-05A6-41A3-810F-393E811F2448}"
EndProject
Project("{FAE04EC0-301F-11D3-BF4B-00C04F79EFBC}") = "VRPatcher", "VRPatcher\VRPatcher.csproj", "{5216EFE7-5A6B-4395-90FC-404962C8D9F6}"
EndProject
Global
	GlobalSection(SolutionConfigurationPlatforms) = preSolution
		Debug|Any CPU = Debug|Any CPU
		Release|Any CPU = Release|Any CPU
	EndGlobalSection
	GlobalSection(ProjectConfigurationPlatforms) = postSolution
		{C0C38DE8-05A6-41A3-810F-393E811F2448}.Debug|Any CPU.ActiveCfg = Debug|Any CPU
		{C0C38DE8-05A6-41A3-810F-393E811F2448}.Debug|Any CPU.Build.0 = Debug|Any CPU
		{C0C38DE8-05A6-41A3-810F-393E811F2448}.Release|Any CPU.ActiveCfg = Release|Any CPU
		{C0C38DE8-05A6-41A3-810F-393E811F2448}.Release|Any CPU.Build.0 = Release|Any CPU
		{5216EFE7-5A6B-4395-90FC-404962C8D9F6}.Debug|Any CPU.ActiveCfg = Debug|Any CPU
		{5216EFE7-5A6B-4395-90FC-404962C8D9F6}.Debug|Any CPU.Build.0 = Debug|Any CPU
		{5216EFE7-5A6B-4395-90FC-404962C8D9F6}.Release|Any CPU.ActiveCfg = Release|Any CPU
		{5216EFE7-5A6B-4395-90FC-404962C8D9F6}.Release|Any CPU.Build.0 = Release|Any CPU
	EndGlobalSection
	GlobalSection(SolutionProperties) = preSolution
		HideSolutionNode = FALSE
	EndGlobalSection
	GlobalSection(ExtensibilityGlobals) = postSolution
		SolutionGuid = {C4E9F6D5-19A9-4B68-93D7-90F6D60A0D78}
	EndGlobalSection
EndGlobal
